
Microsoft Visual Studio Solution File, Format Version 12.00
# Visual Studio Version 17
VisualStudioVersion = 17.10.35013.160
MinimumVisualStudioVersion = 10.0.40219.1
Project("{FAE04EC0-301F-11D3-BF4B-00C04F79EFBC}") = "CQRS_Dapper_API", "CQRS_Dapper_API\CQRS_Dapper_API.csproj", "{7C9A75FF-3B69-4F28-849F-D2551DBF3F2E}"
EndProject
Project("{2150E333-8FDC-42A3-9474-1A3956D46DE8}") = "Da", "Da", "{F0D21C8C-B54D-40D6-AAEA-6A5659FDF1D6}"
EndProject
Global
	GlobalSection(SolutionConfigurationPlatforms) = preSolution
		Debug|Any CPU = Debug|Any CPU
		Release|Any CPU = Release|Any CPU
	EndGlobalSection
	GlobalSection(ProjectConfigurationPlatforms) = postSolution
		{7C9A75FF-3B69-4F28-849F-D2551DBF3F2E}.Debug|Any CPU.ActiveCfg = Debug|Any CPU
		{7C9A75FF-3B69-4F28-849F-D2551DBF3F2E}.Debug|Any CPU.Build.0 = Debug|Any CPU
		{7C9A75FF-3B69-4F28-849F-D2551DBF3F2E}.Release|Any CPU.ActiveCfg = Release|Any CPU
		{7C9A75FF-3B69-4F28-849F-D2551DBF3F2E}.Release|Any CPU.Build.0 = Release|Any CPU
	EndGlobalSection
	GlobalSection(SolutionProperties) = preSolution
		HideSolutionNode = FALSE
	EndGlobalSection
	GlobalSection(ExtensibilityGlobals) = postSolution
		SolutionGuid = {E8B82B03-10EB-4CFC-BCFB-5AABD02437FB}
	EndGlobalSection
EndGlobal
